{
  "requires": true,
  "lockfileVersion": 1,
  "dependencies": {
    "systemjs": {
      "version": "6.11.0",
      "resolved": "https://registry.npmjs.org/systemjs/-/systemjs-6.11.0.tgz",
      "integrity": "sha512-7YPIY44j+BoY+E6cGBSw0oCU8SNTTIHKZgftcBdwWkDzs/M86Fdlr21FrzAyph7Zo8r3CFGscyFe4rrBtixrBg=="
    }
  }
}
